
Microsoft Visual Studio Solution File, Format Version 12.00
# Visual Studio 15
VisualStudioVersion = 15.0.28010.2026
MinimumVisualStudioVersion = 10.0.40219.1
Project("{FAE04EC0-301F-11D3-BF4B-00C04F79EFBC}") = "WebCrawler", "WebCrawler\WebCrawler.csproj", "{866C6A6E-4C00-4AD2-85A1-8D3FA4BA1253}"
EndProject
Global
	GlobalSection(SolutionConfigurationPlatforms) = preSolution
		Debug|Any CPU = Debug|Any CPU
		Release|Any CPU = Release|Any CPU
	EndGlobalSection
	GlobalSection(ProjectConfigurationPlatforms) = postSolution
		{866C6A6E-4C00-4AD2-85A1-8D3FA4BA1253}.Debug|Any CPU.ActiveCfg = Debug|Any CPU
		{866C6A6E-4C00-4AD2-85A1-8D3FA4BA1253}.Debug|Any CPU.Build.0 = Debug|Any CPU
		{866C6A6E-4C00-4AD2-85A1-8D3FA4BA1253}.Release|Any CPU.ActiveCfg = Release|Any CPU
		{866C6A6E-4C00-4AD2-85A1-8D3FA4BA1253}.Release|Any CPU.Build.0 = Release|Any CPU
	EndGlobalSection
	GlobalSection(SolutionProperties) = preSolution
		HideSolutionNode = FALSE
	EndGlobalSection
	GlobalSection(ExtensibilityGlobals) = postSolution
		SolutionGuid = {889F2B0C-B481-4086-9464-2FFBB7296832}
	EndGlobalSection
EndGlobal
